
Microsoft Visual Studio Solution File, Format Version 12.00
# Visual Studio Version 16
VisualStudioVersion = 16.0.31702.278
MinimumVisualStudioVersion = 10.0.40219.1
Project("{FAE04EC0-301F-11D3-BF4B-00C04F79EFBC}") = "MandatoryOneRest", "MandatoryOneRest\MandatoryOneRest.csproj", "{B821C58C-B998-4A55-914C-372D05867B1C}"
EndProject
Global
	GlobalSection(SolutionConfigurationPlatforms) = preSolution
		Debug|Any CPU = Debug|Any CPU
		Release|Any CPU = Release|Any CPU
	EndGlobalSection
	GlobalSection(ProjectConfigurationPlatforms) = postSolution
		{B821C58C-B998-4A55-914C-372D05867B1C}.Debug|Any CPU.ActiveCfg = Debug|Any CPU
		{B821C58C-B998-4A55-914C-372D05867B1C}.Debug|Any CPU.Build.0 = Debug|Any CPU
		{B821C58C-B998-4A55-914C-372D05867B1C}.Release|Any CPU.ActiveCfg = Release|Any CPU
		{B821C58C-B998-4A55-914C-372D05867B1C}.Release|Any CPU.Build.0 = Release|Any CPU
	EndGlobalSection
	GlobalSection(SolutionProperties) = preSolution
		HideSolutionNode = FALSE
	EndGlobalSection
	GlobalSection(ExtensibilityGlobals) = postSolution
		SolutionGuid = {CDF15957-2CE5-4C21-8B75-CF6616A6C6B4}
	EndGlobalSection
EndGlobal
